
Microsoft Visual Studio Solution File, Format Version 12.00
# Visual Studio Version 17
VisualStudioVersion = 17.6.33815.320
MinimumVisualStudioVersion = 10.0.40219.1
Project("{9A19103F-16F7-4668-BE54-9A1E7A4F7556}") = "ParsCenterApi", "ParsCenterApi\ParsCenterApi.csproj", "{080A52AF-3980-43E3-A127-6C36E71A1025}"
EndProject
Project("{9A19103F-16F7-4668-BE54-9A1E7A4F7556}") = "Common", "Common\Common.csproj", "{1CF7E9E5-4E73-4705-AE11-567011998B48}"
EndProject
Project("{9A19103F-16F7-4668-BE54-9A1E7A4F7556}") = "Entities", "Entities\Entities.csproj", "{364CF7DC-8CAE-402B-B02F-5FC16AFDC664}"
EndProject
Project("{9A19103F-16F7-4668-BE54-9A1E7A4F7556}") = "Data", "Data\Data.csproj", "{045D04A2-2C72-4EF6-A4F1-68F11D91AF7B}"
EndProject
Project("{9A19103F-16F7-4668-BE54-9A1E7A4F7556}") = "Services", "Services\Services.csproj", "{F90FC347-7EA5-4655-B756-C05FD4CF7D8C}"
EndProject
Project("{9A19103F-16F7-4668-BE54-9A1E7A4F7556}") = "WebFramework", "webFrameWork\WebFramework.csproj", "{54D7DD1A-C549-42D1-8FCA-4503904F99D5}"
EndProject
Global
	GlobalSection(SolutionConfigurationPlatforms) = preSolution
		Debug|Any CPU = Debug|Any CPU
		Release|Any CPU = Release|Any CPU
	EndGlobalSection
	GlobalSection(ProjectConfigurationPlatforms) = postSolution
		{080A52AF-3980-43E3-A127-6C36E71A1025}.Debug|Any CPU.ActiveCfg = Debug|Any CPU
		{080A52AF-3980-43E3-A127-6C36E71A1025}.Debug|Any CPU.Build.0 = Debug|Any CPU
		{080A52AF-3980-43E3-A127-6C36E71A1025}.Release|Any CPU.ActiveCfg = Release|Any CPU
		{080A52AF-3980-43E3-A127-6C36E71A1025}.Release|Any CPU.Build.0 = Release|Any CPU
		{1CF7E9E5-4E73-4705-AE11-567011998B48}.Debug|Any CPU.ActiveCfg = Debug|Any CPU
		{1CF7E9E5-4E73-4705-AE11-567011998B48}.Debug|Any CPU.Build.0 = Debug|Any CPU
		{1CF7E9E5-4E73-4705-AE11-567011998B48}.Release|Any CPU.ActiveCfg = Release|Any CPU
		{1CF7E9E5-4E73-4705-AE11-567011998B48}.Release|Any CPU.Build.0 = Release|Any CPU
		{364CF7DC-8CAE-402B-B02F-5FC16AFDC664}.Debug|Any CPU.ActiveCfg = Debug|Any CPU
		{364CF7DC-8CAE-402B-B02F-5FC16AFDC664}.Debug|Any CPU.Build.0 = Debug|Any CPU
		{364CF7DC-8CAE-402B-B02F-5FC16AFDC664}.Release|Any CPU.ActiveCfg = Release|Any CPU
		{364CF7DC-8CAE-402B-B02F-5FC16AFDC664}.Release|Any CPU.Build.0 = Release|Any CPU
		{045D04A2-2C72-4EF6-A4F1-68F11D91AF7B}.Debug|Any CPU.ActiveCfg = Debug|Any CPU
		{045D04A2-2C72-4EF6-A4F1-68F11D91AF7B}.Debug|Any CPU.Build.0 = Debug|Any CPU
		{045D04A2-2C72-4EF6-A4F1-68F11D91AF7B}.Release|Any CPU.ActiveCfg = Release|Any CPU
		{045D04A2-2C72-4EF6-A4F1-68F11D91AF7B}.Release|Any CPU.Build.0 = Release|Any CPU
		{F90FC347-7EA5-4655-B756-C05FD4CF7D8C}.Debug|Any CPU.ActiveCfg = Debug|Any CPU
		{F90FC347-7EA5-4655-B756-C05FD4CF7D8C}.Debug|Any CPU.Build.0 = Debug|Any CPU
		{F90FC347-7EA5-4655-B756-C05FD4CF7D8C}.Release|Any CPU.ActiveCfg = Release|Any CPU
		{F90FC347-7EA5-4655-B756-C05FD4CF7D8C}.Release|Any CPU.Build.0 = Release|Any CPU
		{54D7DD1A-C549-42D1-8FCA-4503904F99D5}.Debug|Any CPU.ActiveCfg = Debug|Any CPU
		{54D7DD1A-C549-42D1-8FCA-4503904F99D5}.Debug|Any CPU.Build.0 = Debug|Any CPU
		{54D7DD1A-C549-42D1-8FCA-4503904F99D5}.Release|Any CPU.ActiveCfg = Release|Any CPU
		{54D7DD1A-C549-42D1-8FCA-4503904F99D5}.Release|Any CPU.Build.0 = Release|Any CPU
	EndGlobalSection
	GlobalSection(SolutionProperties) = preSolution
		HideSolutionNode = FALSE
	EndGlobalSection
	GlobalSection(ExtensibilityGlobals) = postSolution
		SolutionGuid = {C7FEE5D5-24DD-42ED-A0A2-14DF97CF3141}
	EndGlobalSection
EndGlobal
